github.com/davecgh/go-spew v1.1.1 h1:vj9j/u1bqnvCEfJOwUhtlOARqs3+rkHYY13jYWTU97c=
github.com/davecgh/go-spew v1.1.1/go.mod h1:J7Y8YcW2NihsgmVo/mv3lAwl/skON4iLHjSsI+c5H38=
github.com/fatih/color v1.6.0 h1:66qjqZk8kalYAvDRtM1AdAJQI0tj4Wrue3Eq3B3pmFU=
github.com/fatih/color v1.6.0/go.mod h1:Zm6kSWBoL9eyXnKyktHP6abPY2pDugNf5KwzbycvMj4=
github.com/fsamin/go-dump v0.0.0-20180223131834-7ae1b0fe42eb h1:MNriPGqsc5tMsA9KX0WA68MCYslm9BNB8IyN5qcC4tQ=
github.com/fsamin/go-dump v0.0.0-20180223131834-7ae1b0fe42eb/go.mod h1:vld9F27buHSguIIK0+kBLSLirw5agWJpewLnHKqxSGo=
github.com/garyburd/redigo v1.6.0 h1:0VruCpn7yAIIu7pWVClQC8wxCJEcG3nyzpMSHKi1PQc=
github.com/garyburd/redigo v1.6.0/go.mod h1:NR3MbYisc3/PwhQ00EMzDiPmrwpPxAn5GI05/YaO1SY=
github.com/go-sql-driver/mysql v0.0.0-20180308100310-1a676ac6e4dc h1:RaoMeH4OYc9znih5mIQ9yK+gkhBg5vWktHwwwiueF1w=
github.com/go-sql-driver/mysql v0.0.0-20180308100310-1a676ac6e4dc/go.mod h1:zAC/RDZ24gD3HViQzih4MyKcchzm+sOG5ZlKdlhCg5w=
github.com/google/go-github v15.0.0+incompatible h1:jlPg2Cpsxb/FyEV/MFiIE9tW/2RAevQNZDPeHbf5a94=
github.com/google/go-github v15.0.0+incompatible/go.mod h1:zLgOLi98H3fifZn+44m+umXrS52loVEgC2AApnigrVQ=
github.com/google/go-querystring v0.0.0-20170111101155-53e6ce116135 h1:zLTLjkaOFEFIOxY5BWLFLwh+cL8vOBW4XJ2aqLE/Tf0=
github.com/google/go-querystring v0.0.0-20170111101155-53e6ce116135/go.mod h1:odCYkC5MyYFN7vkCjXpyrEuKhc/BUO6wN/zVPAxq5ck=
github.com/hashicorp/hcl v0.0.0-20180403170118-061bf373e402 h1:umGs6YvCXaMEker4dZaH/NPJQRHwpiogiDWjRj3Lo2U=
github.com/hashicorp/hcl v0.0.0-20180403170118-061bf373e402/go.mod h1:oZtUIOe8dh44I2q6ScRibXws4Ajl+d+nod3AaR9vL5w=
github.com/inconshreveable/go-update v0.0.0-20160112193335-8152e7eb6ccf h1:WfD7VjIE6z8dIvMsI4/s+1qr5EL+zoIGev1BQj1eoJ8=
github.com/inconshreveable/go-update v0.0.0-20160112193335-8152e7eb6ccf/go.mod h1:hyb9oH7vZsitZCiBt0ZvifOrB+qc8PS5IiilCIb87rg=
github.com/inconshreveable/mousetrap v1.0.0 h1:Z8tu5sraLXCXIcARxBp/8cbvlwVa7Z1NHg9XEKhtSvM=
github.com/inconshreveable/mousetrap v1.0.0/go.mod h1:PxqpIevigyE2G7u3NXJIT2ANytuPF1OarO4DADm73n8=
github.com/lib/pq v0.0.0-20180327071824-d34b9ff171c2 h1:hRGSmZu7j271trc9sneMrpOW7GN5ngLm8YUZIPzf394=
github.com/lib/pq v0.0.0-20180327071824-d34b9ff171c2/go.mod h1:5WUZQaWbwv1U+lTReE5YruASi9Al49XbQIvNi/34Woo=
github.com/mattn/go-colorable v0.0.9 h1:UVL0vNpWh04HeJXV0KLcaT7r06gOH2l4OW6ddYRUIY4=
github.com/mattn/go-colorable v0.0.9/go.mod h1:9vuHe8Xs5qXnSaW/c/ABM9alt+Vo+STaOChaDxuIBZU=
github.com/mattn/go-isatty v0.0.3 h1:ns/ykhmWi7G9O+8a448SecJU3nSMBXJfqQkl0upE1jI=
github.com/mattn/go-isatty v0.0.3/go.mod h1:M+lRXTBqGeGNdLjl/ufCoiOlB5xdOkqRJdNxMWT7Zi4=
github.com/mattn/go-shellwords v1.0.3 h1:K/VxK7SZ+cvuPgFSLKi5QPI9Vr/ipOf4C1gN+ntueUk=
github.com/mattn/go-shellwords v1.0.3/go.mod h1:3xCvwCdWdlDJUrvuMn7Wuy9eWs4pE8vqg+NOMyg4B2o=
github.com/mattn/go-zglob v0.0.0-20171230104132-4959821b4817 h1:c8WjsOD82J56r40foSWLqgdmjmzOYmQYzX/nYclFBD4=
github.com/mattn/go-zglob v0.0.0-20171230104132-4959821b4817/go.mod h1:9fxibJccNxU2cnpIKLRRFA7zX7qhkJIQWBb449FYHOo=
github.com/mitchellh/mapstructure v0.0.0-20180220230111-00c29f56e238 h1:+MZW2uvHgN8kYvksEN3f7eFL2wpzk0GxmlFsMybWc7E=
github.com/mitchellh/mapstructure v0.0.0-20180220230111-00c29f56e238/go.mod h1:FVVH3fgwuzCH5S8UJGiWEs2h04kUh9fWfEaFds41c1Y=
github.com/mndrix/tap-go v0.0.0-20171203230836-629fa407e90b h1:ioAf++SXYsNBCJQdUQYpKsGUFUGvbxHaXFEnonuitI8=
github.com/mndrix/tap-go v0.0.0-20171203230836-629fa407e90b/go.mod h1:pzzDgJWZ34fGzaAZGFW22KVZDfyrYW+QABMrWnJBnSs=
github.com/ovh/go-ovh v0.0.0-20180328085145-498310cd1182 h1:kWbcRD+aNlQacRAj/OARpd2TMu25xCfngWAHtY2T66A=
github.com/ovh/go-ovh v0.0.0-20180328085145-498310cd1182/go.mod h1:joRatxRJaZBsY3JAOEMcoOp05CnZzsx4scTxi95DHyQ=
github.com/pkg/errors v0.0.0-20180311214515-816c9085562c h1:F5RoIh7F9wB47PvXvpP1+Ihq1TkyC8iRdvwfKkESEZQ=
github.com/pkg/errors v0.0.0-20180311214515-816c9085562c/go.mod h1:bwawxfHBFNV+L2hUp1rHADufV3IMtnDRdf1r5NINEl0=
github.com/pmezard/go-difflib v1.0.0 h1:4DBwDE0NGyQoBHbLQYPwSUPoCMWR5BEzIk/f1lZbAQM=
github.com/pmezard/go-difflib v1.0.0/go.mod h1:iKH77koFhYxTK1pcRnkKkqfTogsbg7gZNVY4sRDYZ/4=
github.com/rubenv/sql-migrate v0.0.0-20180217203553-081fe17d19ff h1:YUL11b9J/H3zmbITsv3RgJfH8H/AniHFZGKVkpcctSE=
github.com/rubenv/sql-migrate v0.0.0-20180217203553-081fe17d19ff/go.mod h1:WS0rl9eEliYI8DPnr3TOwz4439pay+qNgzJoVya/DmY=
github.com/sclevine/agouti v0.0.0-20180306165625-6ada53bb069e h1:VoeP5o7J1P08At1GZEAW04Kkx+eeBi2kULQsdnp5ceE=
github.com/sclevine/agouti v0.0.0-20180306165625-6ada53bb069e/go.mod h1:b4WX9W9L1sfQKXeJf1mUTLZKJ48R1S7H23Ji7oFO5Bw=
github.com/sirupsen/logrus v1.0.5 h1:8c8b5uO0zS4X6RPl/sd1ENwSkIc0/H2PaHxE3udaE8I=
github.com/sirupsen/logrus v1.0.5/go.mod h1:pMByvHTf9Beacp5x1UXfOR9xyW/9antXMhjMPG0dEzc=
github.com/smartystreets/assertions v0.0.0-20180301161246-7678a5452ebe h1:N9Tx6rKITAMSw2lgWIyLOgoTikD33tNWmiT7GPkz0es=
github.com/smartystreets/assertions v0.0.0-20180301161246-7678a5452ebe/go.mod h1:OnSkiWE9lh6wB0YB77sQom3nweQdgAjqCqsofrRNTgc=
github.com/spf13/cobra v0.0.0-20180331123620-4dab30cb33e6 h1:TfdcIapMZszcv6XGow8RnvvLJzVbwJQcX+SdvBxs4Bs=
github.com/spf13/cobra v0.0.0-20180331123620-4dab30cb33e6/go.mod h1:1l0Ry5zgKvJasoi3XT1TypsSe7PqH0Sj9dhYf7v3XqQ=
github.com/spf13/pflag v0.0.0-20180403115518-1ce0cc6db402 h1:aOkSolQCIDIrM+yTHFQM0SFtOji6glcPN0Ne29c/VE8=
github.com/spf13/pflag v0.0.0-20180403115518-1ce0cc6db402/go.mod h1:DYY7MBk1bdzusC3SYhjObp+wFpr4gzcvqqNjLnInEg4=
github.com/stretchr/testify v1.2.1 h1:52QO5WkIUcHGIR7EnGagH88x1bUzqGXTC5/1bDTUQ7U=
github.com/stretchr/testify v1.2.1/go.mod h1:a8OnRcib4nhh0OaRAV+Yts87kKdq0PP7pXfy6kDkUVs=
github.com/yesnault/go-imap v0.0.0-20160710142244-eb9bbb66bd7b h1:mvFk4C4VehqptP44jpYKCokoptnqgRg6TU3hNTtd134=
github.com/yesnault/go-imap v0.0.0-20160710142244-eb9bbb66bd7b/go.mod h1:LH8s5iF2nb4JFQ1A9fAcvsdqzUGZttifagNxO5TOiPQ=
golang.org/x/crypto v0.0.0-20180403160946-b2aa35443fbc h1:Kx1Ke+iCR1aDjbWXgmEQGFxoHtNL49aRZGV7/+jJ41Y=
golang.org/x/crypto v0.0.0-20180403160946-b2aa35443fbc/go.mod h1:6SG95UA2DQfeDnfUPMdvaQW0Q7yPrPDi9nlGo2tz2b4=
golang.org/x/sys v0.0.0-20180329131831-378d26f46672 h1:P+cuqFpXzcxn8UtAwY33SZdbHLKsmjveBNV9V+RoYgQ=
golang.org/x/sys v0.0.0-20180329131831-378d26f46672/go.mod h1:STP8DvDyc/dI5b8T5hshtkjS+E42TnysNCUPdjciGhY=
google.golang.org/appengine v1.0.0 h1:dN4LljjBKVChsv0XCSI+zbyzdqrkEwX5LQFUMRSGqOc=
google.golang.org/appengine v1.0.0/go.mod h1:EbEs0AVv82hx2wNQdGPgUI5lhzA/G0D9YwlJXL52JkM=
gopkg.in/check.v1 v0.0.0-20161208181325-20d25e280405/go.mod h1:Co6ibVJAznAaIkqp8huTwlJQCZ016jof/cbN4VW5Yz0=
gopkg.in/gorp.v1 v1.7.1 h1:GBB9KrWRATQZh95HJyVGUZrWwOPswitEYEyqlK8JbAA=
gopkg.in/gorp.v1 v1.7.1/go.mod h1:Wo3h+DBQZIxATwftsglhdD/62zRFPhGhTiu5jUJmCaw=
gopkg.in/ini.v1 v1.34.0 h1:D/ocNCzU0leMREqtKcaKA5ulwBAC0LmsjICJQO7gw88=
gopkg.in/ini.v1 v1.34.0/go.mod h1:pNLf8WUiyNEtQjuu5G5vTm06TEv9tsIgeAvK8hOrP4k=
gopkg.in/testfixtures.v2 v2.4.3 h1:hURC7rEeqQPxZ2PUSscSYgUC5xAjd8NHOQumPxmILKo=
gopkg.in/testfixtures.v2 v2.4.3/go.mod h1:vyAq+MYCgNpR29qitQdLZhdbLFf4mR/2MFJRFoQZZ2M=
gopkg.in/yaml.v2 v2.2.1 h1:mUhvW9EsL+naU5Q3cakzfE91YhliOondGd6ZrsDBHQE=
gopkg.in/yaml.v2 v2.2.1/go.mod h1:hI93XBmqTisBFMUTm0b8Fm+jr3Dg1NNxqwp+5A1VGuI=
