# This file is autogenerated, do not edit; changes may be undone by the next 'dep ensure'.


[[projects]]
  digest = "1:e001bd0a052223a9dc871d38e303774759efae171abc702dedd312866400552d"
  name = "github.com/DataDog/zstd"
  packages = ["."]
  pruneopts = ""
  revision = "809b919c325d7887bff7bd876162af73db53e878"
  version = "v1.4.0"

[[projects]]
  digest = "1:512a8ed4fcd5f35911f8e90a8af9668148835b6e2de8b591ea6f9db5bf45d2d5"
  name = "github.com/Shopify/sarama"
  packages = ["."]
  pruneopts = ""
  revision = "ea9ab1c316850bee881a07bb2555ee8a685cd4b6"
  version = "v1.22.1"

[[projects]]
  digest = "1:6da5545112f73dbad12895d25e39818c1c3e8040ebba488d4d3fe43bc8685eb6"
  name = "github.com/bsm/sarama-cluster"
  packages = ["."]
  pruneopts = ""
  revision = "c618e605e15c0d7535f6c96ff8efbb0dba4fd66c"
  version = "v2.1.15"

[[projects]]
  branch = "master"
  digest = "1:5750372bf1bad638fe65211dcf5cebffc3b00213acf02d9646052483c2dfc3a8"
  name = "github.com/davecgh/go-spew"
  packages = ["spew"]
  pruneopts = ""
  revision = "d8f796af33cc11cb798c1aaeb27a4ebc5099927d"

[[projects]]
  digest = "1:6d6672f85a84411509885eaa32f597577873de00e30729b9bb0eb1e1faa49c12"
  name = "github.com/eapache/go-resiliency"
  packages = ["breaker"]
  pruneopts = ""
  revision = "ea41b0fad31007accc7f806884dcdf3da98b79ce"
  version = "v1.1.0"

[[projects]]
  branch = "master"
  digest = "1:6643c01e619a68f80ac12ad81223275df653528c6d7e3788291c1fd6f1d622f6"
  name = "github.com/eapache/go-xerial-snappy"
  packages = ["."]
  pruneopts = ""
  revision = "776d5712da21bc4762676d614db1d8a64f4238b0"

[[projects]]
  digest = "1:d8d46d21073d0f65daf1740ebf4629c65e04bf92e14ce93c2201e8624843c3d3"
  name = "github.com/eapache/queue"
  packages = ["."]
  pruneopts = ""
  revision = "44cc805cf13205b55f69e14bcb69867d1ae92f98"
  version = "v1.1.0"

[[projects]]
  digest = "1:e988ed0ca0d81f4d28772760c02ee95084961311291bdfefc1b04617c178b722"
  name = "github.com/fatih/color"
  packages = ["."]
  pruneopts = ""
  revision = "5b77d2a35fb0ede96d138fc9a99f5c9b6aef11b4"
  version = "v1.7.0"

[[projects]]
  digest = "1:8a432003c07b432667cd4d02eea23b103b0cc95faf41aa87ae968f534570d284"
  name = "github.com/fsamin/go-dump"
  packages = ["."]
  pruneopts = ""
  revision = "ac6679aace79e28833ace6aac049a30c4f2f4a9b"
  version = "v1.0.9"

[[projects]]
  digest = "1:7dc097012e9c5a36154bad64d3329abd3deb1c5110a993dab4ab6135a0486ead"
  name = "github.com/fullstorydev/grpcurl"
  packages = ["."]
  pruneopts = ""
  revision = "0fcd3253f68d759155254a1e3c76f8a797b5dec1"
  version = "v1.2.1"

[[projects]]
  digest = "1:9525d0e79ccf382e32edeef466b9a91f16eb0eebdca5971a03fad1bb3be9cd89"
  name = "github.com/garyburd/redigo"
  packages = [
    "internal",
    "redis"
  ]
  pruneopts = ""
  revision = "a69d19351219b6dd56f274f96d85a7014a2ec34e"
  version = "v1.6.0"

[[projects]]
  branch = "master"
  digest = "1:d7565b33ed8b0ef1f216aaa28fcd924ec6b0d76c7bbdb965fa098809281c2faa"
  name = "github.com/go-sql-driver/mysql"
  packages = ["."]
  pruneopts = ""
  revision = "877a9775f06853f611fb2d4e817d92479242d1cd"

[[projects]]
  digest = "1:529d738b7976c3848cae5cf3a8036440166835e389c1f617af701eeb12a0518d"
  name = "github.com/golang/protobuf"
  packages = [
    "jsonpb",
    "proto",
    "protoc-gen-go/descriptor",
    "protoc-gen-go/plugin",
    "ptypes",
    "ptypes/any",
    "ptypes/duration",
    "ptypes/empty",
    "ptypes/struct",
    "ptypes/timestamp",
    "ptypes/wrappers"
  ]
  pruneopts = ""
  revision = "b5d812f8a3706043e23a9cd5babf2e5423744d30"
  version = "v1.3.1"

[[projects]]
  digest = "1:6a6322a15aa8e99bd156fbba0aae4e5d67b4bb05251d860b348a45dfdcba9cce"
  name = "github.com/golang/snappy"
  packages = ["."]
  pruneopts = ""
  revision = "2a8bb927dd31d8daada140a5d09578521ce5c36a"
  version = "v0.0.1"

[[projects]]
  digest = "1:6cd1aaecffa968d73fdb71891bac0dccc74f2e3095d4a799e36843608daa6652"
  name = "github.com/google/go-github"
  packages = ["github"]
  pruneopts = ""
  revision = "901030391ab7f418a984389fd3f8f65e39e5c823"
  version = "v25.0.4"

[[projects]]
  digest = "1:cea4aa2038169ee558bf507d5ea02c94ca85bcca28a4c7bb99fd59b31e43a686"
  name = "github.com/google/go-querystring"
  packages = ["query"]
  pruneopts = ""
  revision = "44c6ddd0a2342c386950e880b658017258da92fc"
  version = "v1.0.0"

[[projects]]
  digest = "1:d14365c51dd1d34d5c79833ec91413bfbb166be978724f15701e17080dc06dec"
  name = "github.com/hashicorp/hcl"
  packages = [
    ".",
    "hcl/ast",
    "hcl/parser",
    "hcl/scanner",
    "hcl/strconv",
    "hcl/token",
    "json/parser",
    "json/scanner",
    "json/token"
  ]
  pruneopts = ""
  revision = "8cb6e5b959231cc1119e43259c4a608f9c51a241"
  version = "v1.0.0"

[[projects]]
  branch = "master"
  digest = "1:32c49a8cbcb20989c4fc0825f792cb1ea079af601c11b5ed0a92a48433171db3"
  name = "github.com/inconshreveable/go-update"
  packages = [
    ".",
    "internal/binarydist",
    "internal/osext"
  ]
  pruneopts = ""
  revision = "8152e7eb6ccf8679a64582a66b78519688d156ad"

[[projects]]
  digest = "1:870d441fe217b8e689d7949fef6e43efbc787e50f200cb1e70dbca9204a1d6be"
  name = "github.com/inconshreveable/mousetrap"
  packages = ["."]
  pruneopts = ""
  revision = "76626ae9c91c4f2a10f34cad8ce83ea42c93bb75"
  version = "v1.0"

[[projects]]
  digest = "1:0fcc33c4f8dc8a78cd6c92c799deb9f22bcb28e7cccf1d6e8f74fd72c3d1dd6a"
  name = "github.com/jhump/protoreflect"
  packages = [
    "desc",
    "desc/internal",
    "desc/protoparse",
    "desc/protoprint",
    "dynamic",
    "dynamic/grpcdynamic",
    "grpcreflect",
    "internal"
  ]
  pruneopts = ""
  revision = "8bfeffd6b414f964a56d8a0118b5f80906a59def"
  version = "v1.2.0"

[[projects]]
  digest = "1:0f51cee70b0d254dbc93c22666ea2abf211af81c1701a96d04e2284b408621db"
  name = "github.com/konsorten/go-windows-terminal-sequences"
  packages = ["."]
  pruneopts = ""
  revision = "f55edac94c9bbba5d6182a4be46d86a2c9b5b50e"
  version = "v1.0.2"

[[projects]]
  digest = "1:a65d93f562c7d66d8db6f0c5df8ade208e0f42d9a9626924896697351ca161b3"
  name = "github.com/lib/pq"
  packages = [
    ".",
    "oid",
    "scram"
  ]
  pruneopts = ""
  revision = "bc6a3c0594130b1e34005880bc600b6d3f49fa7f"
  version = "v1.1.1"

[[projects]]
  digest = "1:9ea83adf8e96d6304f394d40436f2eb44c1dc3250d223b74088cc253a6cd0a1c"
  name = "github.com/mattn/go-colorable"
  packages = ["."]
  pruneopts = ""
  revision = "167de6bfdfba052fa6b2d3664c8f5272e23c9072"
  version = "v0.0.9"

[[projects]]
  digest = "1:d0600e4cf07697303f37130791b2ce4577367931416bea8ec4f601bde3f7c5bf"
  name = "github.com/mattn/go-isatty"
  packages = ["."]
  pruneopts = ""
  revision = "c2a7a6ca930a4cd0bc33a3f298eb71960732a3a7"
  version = "v0.0.7"

[[projects]]
  digest = "1:0093a7c66d5b9e0cdaf4be5c20e0a9b889d1d839148eeed1d587e99b4cfd90ff"
  name = "github.com/mattn/go-shellwords"
  packages = ["."]
  pruneopts = ""
  revision = "a72fbe27a1b0ed0df2f02754945044ce1456608b"
  version = "v1.0.5"

[[projects]]
  digest = "1:c186d98ef4526297afabdf84bb02076ea2c78e3b52e88ebdac58325f4f923b8b"
  name = "github.com/mattn/go-zglob"
  packages = [
    ".",
    "fastwalk"
  ]
  pruneopts = ""
  revision = "2ea3427bfa539cca900ca2768d8663ecc8a708c1"
  version = "v0.0.1"

[[projects]]
  digest = "1:bcc46a0fbd9e933087bef394871256b5c60269575bb661935874729c65bbbf60"
  name = "github.com/mitchellh/mapstructure"
  packages = ["."]
  pruneopts = ""
  revision = "3536a929edddb9a5b34bd6861dc4a9647cb459fe"
  version = "v1.1.2"

[[projects]]
  branch = "master"
  digest = "1:ef95032368f1921154bca1e29c458438a872e6e3d1cf7d38815815d89e359584"
  name = "github.com/mndrix/tap-go"
  packages = ["."]
  pruneopts = ""
  revision = "629fa407e90bbf3781e448e8e9b8931523ec823c"

[[projects]]
  branch = "master"
  digest = "1:be65c137eea74ff404dd528ab1d9576343880b647f132e9bcb42b22a1ee3a5cd"
  name = "github.com/ovh/go-ovh"
  packages = ["ovh"]
  pruneopts = ""
  revision = "ba5adb4cf0148a3dbdbd30586f075266256a77b1"

[[projects]]
  digest = "1:02e6dc9c030387868a684f7754fd88c98ae9fc04c27f04aedceae998f00b9bbf"
  name = "github.com/pierrec/lz4"
  packages = [
    ".",
    "internal/xxh32"
  ]
  pruneopts = ""
  revision = "d705d4371bfccdf47f10e45584e896026c83616f"
  version = "v2.2.3"

[[projects]]
  branch = "master"
  digest = "1:74a2b27ee09396d4541c12ad3400a53a0288092b807f7232623d10fa365dd31f"
  name = "github.com/pkg/errors"
  packages = ["."]
  pruneopts = ""
  revision = "27936f6d90f9c8e1145f11ed52ffffbfdb9e0af7"

[[projects]]
  digest = "1:256484dbbcd271f9ecebc6795b2df8cad4c458dd0f5fd82a8c2fa0c29f233411"
  name = "github.com/pmezard/go-difflib"
  packages = ["difflib"]
  pruneopts = ""
  revision = "792786c7400a136282c1664665ae0a8db921c6c2"
  version = "v1.0.0"

[[projects]]
  branch = "master"
  digest = "1:bc5884d890d71ae56382665a93d792af3602dae40fa98778170e4795598a7264"
  name = "github.com/rcrowley/go-metrics"
  packages = ["."]
  pruneopts = ""
  revision = "3113b8401b8a98917cde58f8bbd42a1b1c03b1fd"

[[projects]]
  branch = "master"
  digest = "1:5e422c24541dea1a3a34db7639d5f5fcd23e4711408d7d50297b076af6dd9bbc"
  name = "github.com/rubenv/sql-migrate"
  packages = [
    ".",
    "sqlparse"
  ]
  pruneopts = ""
  revision = "54bad0a9b051368ffec9cd2b869789c2b8eaea35"

[[projects]]
  branch = "master"
  digest = "1:aee32203d6e9e7639d5c3078a268e9cf2121a209bf32191cb97b1786b09993ba"
  name = "github.com/sclevine/agouti"
  packages = [
    ".",
    "api",
    "api/internal/bus",
    "api/internal/service",
    "internal/element",
    "internal/target"
  ]
  pruneopts = ""
  revision = "96599c91888f1b1cf2dccc7f1776ba7f511909e5"

[[projects]]
  digest = "1:631ea4a52a20ca54eceb1077e8c7e553a4f86a58639824825d9259374f7c362f"
  name = "github.com/sirupsen/logrus"
  packages = ["."]
  pruneopts = ""
  revision = "8bdbc7bcc01dcbb8ec23dc8a28e332258d25251f"
  version = "v1.4.1"

[[projects]]
  digest = "1:08c30218d7d91abe41f45d1e6d6f8e297ba4c790d24427b9f63fe02e79ae67b1"
  name = "github.com/smartystreets/assertions"
  packages = [
    ".",
    "internal/go-diff/diffmatchpatch",
    "internal/go-render/render",
    "internal/oglematchers"
  ]
  pruneopts = ""
  revision = "f487f9de1cd36ebab28235b9373028812fb47cbd"
  version = "1.10.1"

[[projects]]
  branch = "master"
  digest = "1:78715f4ed019d19795e67eed1dc63f525461d925616b1ed02b72582c01362440"
  name = "github.com/spf13/cobra"
  packages = ["."]
  pruneopts = ""
  revision = "67fc4837d267bc9bfd6e47f77783fcc3dffc68de"

[[projects]]
  branch = "master"
  digest = "1:149fe8d88302cc310a21478439b3fbde8e0d54df67f347cb11b6a026f51456ae"
  name = "github.com/spf13/pflag"
  packages = ["."]
  pruneopts = ""
  revision = "24fa6976df40757dce6aea913e7b81ade90530e1"

[[projects]]
  digest = "1:381bcbeb112a51493d9d998bbba207a529c73dbb49b3fd789e48c63fac1f192c"
  name = "github.com/stretchr/testify"
  packages = ["assert"]
  pruneopts = ""
  revision = "ffdc059bfe9ce6a4e144ba849dbedead332c6053"
  version = "v1.3.0"

[[projects]]
  branch = "master"
  digest = "1:3eadc91e4cf89ebd93ea897a862abbae74ddee316f08d9afea64c3c16d195164"
  name = "github.com/yesnault/go-imap"
  packages = ["imap"]
  pruneopts = ""
  revision = "eb9bbb66bd7bb6b40517b5423ce45f370325d67c"

[[projects]]
  branch = "master"
  digest = "1:5b3e9450868bcf9ecbca2b01ac04f142255b5744d89ec97e1ceedf57d4522645"
  name = "golang.org/x/crypto"
  packages = [
    "curve25519",
    "ed25519",
    "ed25519/internal/edwards25519",
    "internal/chacha20",
    "internal/subtle",
    "poly1305",
    "ssh"
  ]
  pruneopts = ""
  revision = "22d7a77e9e5f409e934ed268692e56707cd169e5"

[[projects]]
  branch = "master"
  digest = "1:aa38821ad1406a84f9577465ef53e56ca4d90745a710c753190bf7792d726c82"
  name = "golang.org/x/net"
  packages = [
    "context",
    "http/httpguts",
    "http2",
    "http2/hpack",
    "idna",
    "internal/socks",
    "internal/timeseries",
    "proxy",
    "trace"
  ]
  pruneopts = ""
  revision = "3ec19112720433827bbce8be9342797f5a6aaaf9"

[[projects]]
  branch = "master"
  digest = "1:677902b7cbbfa124deba62fc56aaa9ec7ad76ab7c45d42f76c973d3e7a1ef109"
  name = "golang.org/x/sys"
  packages = [
    "cpu",
    "unix"
  ]
  pruneopts = ""
  revision = "61b9204099cb1bebc803c9ffb9b2d3acd9d457d9"

[[projects]]
  digest = "1:740b51a55815493a8d0f2b1e0d0ae48fe48953bf7eaf3fcc4198823bf67768c0"
  name = "golang.org/x/text"
  packages = [
    "collate",
    "collate/build",
    "internal/colltab",
    "internal/gen",
    "internal/language",
    "internal/language/compact",
    "internal/tag",
    "internal/triegen",
    "internal/ucd",
    "language",
    "secure/bidirule",
    "transform",
    "unicode/bidi",
    "unicode/cldr",
    "unicode/norm",
    "unicode/rangetable"
  ]
  pruneopts = ""
  revision = "342b2e1fbaa52c93f31447ad2c6abc048c63e475"
  version = "v0.3.2"

[[projects]]
  digest = "1:01b9b21ce3c29e95c6226188ab77233e59f4e397262a078cd6f248405b86dda7"
  name = "google.golang.org/appengine"
  packages = ["cloudsql"]
  pruneopts = ""
  revision = "4c25cacc810c02874000e4f7071286a8e96b2515"
  version = "v1.6.0"

[[projects]]
  branch = "master"
  digest = "1:23c5753ad3960260962085191dd606b2517ce6b5b84a2fc2febe65303ab64b5e"
  name = "google.golang.org/genproto"
  packages = [
    "googleapis/rpc/status",
    "protobuf/api",
    "protobuf/field_mask",
    "protobuf/ptype",
    "protobuf/source_context"
  ]
  pruneopts = ""
  revision = "995ef27e003f584103ecdd0f98e1a0cc9cbf3395"

[[projects]]
  digest = "1:afc1b03a6d5ba3cbb2e0a12133e734d472e4df3b65f06e600a3d57a4b82f26cc"
  name = "google.golang.org/grpc"
  packages = [
    ".",
    "balancer",
    "balancer/base",
    "balancer/roundrobin",
    "binarylog/grpc_binarylog_v1",
    "codes",
    "connectivity",
    "credentials",
    "credentials/internal",
    "encoding",
    "encoding/proto",
    "grpclog",
    "internal",
    "internal/backoff",
    "internal/balancerload",
    "internal/binarylog",
    "internal/channelz",
    "internal/envconfig",
    "internal/grpcrand",
    "internal/grpcsync",
    "internal/syscall",
    "internal/transport",
    "keepalive",
    "metadata",
    "naming",
    "peer",
    "reflection/grpc_reflection_v1alpha",
    "resolver",
    "resolver/dns",
    "resolver/passthrough",
    "stats",
    "status",
    "tap"
  ]
  pruneopts = ""
  revision = "25c4f928eaa6d96443009bd842389fb4fa48664e"
  version = "v1.20.1"

[[projects]]
  digest = "1:cf14a5ea75b0cdb3eed3315839a120110068dce6df03edbe8c3bf4bd642a6024"
  name = "gopkg.in/gorp.v1"
  packages = ["."]
  pruneopts = ""
  revision = "6a667da9c028871f98598d85413e3fc4c6daa52e"
  version = "v1.7.2"

[[projects]]
  digest = "1:03edf882162b807cdf1bc558c66226167fa2f8eb44359eac2eeb3794a91cb168"
  name = "gopkg.in/ini.v1"
  packages = ["."]
  pruneopts = ""
  revision = "c85607071cf08ca1adaf48319cd1aa322e81d8c1"
  version = "v1.42.0"

[[projects]]
  digest = "1:4e0d046d9b562f06e20917f4554b15e1d377dbe2d78bba0d6c76bfc8df1212e6"
  name = "gopkg.in/testfixtures.v2"
  packages = ["."]
  pruneopts = ""
  revision = "1e85b764c9e0953c7b9ac81115554d6d2ec04aac"
  version = "v2.5.3"

[[projects]]
  digest = "1:cedccf16b71e86db87a24f8d4c70b0a855872eb967cb906a66b95de56aefbd0d"
  name = "gopkg.in/yaml.v2"
  packages = ["."]
  pruneopts = ""
  revision = "51d6538a90f86fe93ac480b35f37b2be17fef232"
  version = "v2.2.2"

[solve-meta]
  analyzer-name = "dep"
  analyzer-version = 1
  input-imports = [
    "github.com/Shopify/sarama",
    "github.com/bsm/sarama-cluster",
    "github.com/fatih/color",
    "github.com/fsamin/go-dump",
    "github.com/fullstorydev/grpcurl",
    "github.com/garyburd/redigo/redis",
    "github.com/go-sql-driver/mysql",
    "github.com/golang/protobuf/proto",
    "github.com/google/go-github/github",
    "github.com/hashicorp/hcl",
    "github.com/inconshreveable/go-update",
    "github.com/jhump/protoreflect/desc",
    "github.com/jhump/protoreflect/grpcreflect",
    "github.com/lib/pq",
    "github.com/mattn/go-shellwords",
    "github.com/mattn/go-zglob",
    "github.com/mitchellh/mapstructure",
    "github.com/mndrix/tap-go",
    "github.com/ovh/go-ovh/ovh",
    "github.com/pkg/errors",
    "github.com/rubenv/sql-migrate",
    "github.com/sclevine/agouti",
    "github.com/sirupsen/logrus",
    "github.com/smartystreets/assertions",
    "github.com/spf13/cobra",
    "github.com/stretchr/testify/assert",
    "github.com/yesnault/go-imap/imap",
    "golang.org/x/crypto/ssh",
    "google.golang.org/grpc",
    "google.golang.org/grpc/credentials",
    "google.golang.org/grpc/metadata",
    "google.golang.org/grpc/reflection/grpc_reflection_v1alpha",
    "google.golang.org/grpc/status",
    "gopkg.in/testfixtures.v2",
    "gopkg.in/yaml.v2"
  ]
  solver-name = "gps-cdcl"
  solver-version = 1
