# This file is autogenerated, do not edit; changes may be undone by the next 'dep ensure'.


[[projects]]
  branch = "master"
  name = "github.com/davecgh/go-spew"
  packages = ["spew"]
  revision = "ecdeabc65495df2dec95d7c4a4c3e021903035e5"

[[projects]]
  branch = "master"
  name = "github.com/fsamin/go-dump"
  packages = ["."]
  revision = "b3a2116ad4889b990f825a5f62bdf9c21f34f0ab"

[[projects]]
  branch = "master"
  name = "github.com/go-sql-driver/mysql"
  packages = ["."]
  revision = "4a0c3d73d8579f9fc535cf5e654a651cbd57dd6e"

[[projects]]
  branch = "master"
  name = "github.com/google/go-github"
  packages = ["github"]
  revision = "c988f775700b9ab14b5acb7502046fa341daf82d"

[[projects]]
  branch = "master"
  name = "github.com/google/go-querystring"
  packages = ["query"]
  revision = "53e6ce116135b80d037921a7fdd5138cf32d7a8a"

[[projects]]
  branch = "master"
  name = "github.com/inconshreveable/go-update"
  packages = [
    ".",
    "internal/binarydist",
    "internal/osext"
  ]
  revision = "8152e7eb6ccf8679a64582a66b78519688d156ad"

[[projects]]
  name = "github.com/inconshreveable/mousetrap"
  packages = ["."]
  revision = "76626ae9c91c4f2a10f34cad8ce83ea42c93bb75"
  version = "v1.0"

[[projects]]
  branch = "master"
  name = "github.com/lib/pq"
  packages = [
    ".",
    "oid"
  ]
  revision = "83612a56d3dd153a94a629cd64925371c9adad78"

[[projects]]
  branch = "master"
  name = "github.com/mattn/go-runewidth"
  packages = ["."]
  revision = "97311d9f7767e3d6f422ea06661bc2c7a19e8a5d"

[[projects]]
  branch = "master"
  name = "github.com/mattn/go-zglob"
  packages = [
    ".",
    "fastwalk"
  ]
  revision = "4959821b481786922ac53e7ef25c61ae19fb7c36"

[[projects]]
  name = "github.com/mitchellh/mapstructure"
  packages = ["."]
  revision = "ed105d635dfa9ea7133f7c79f1eb36203fc3a156"

[[projects]]
  name = "github.com/mndrix/tap-go"
  packages = ["."]
  revision = "56cca451570bb0366b29f30e1aeb5cf9736a1e18"

[[projects]]
  name = "github.com/ovh/go-ovh"
  packages = ["ovh"]
  revision = "9b82ad5024f2ea77be20acc378d1f2ee0d59d4dd"

[[projects]]
  name = "github.com/pmezard/go-difflib"
  packages = ["difflib"]
  revision = "792786c7400a136282c1664665ae0a8db921c6c2"
  version = "v1.0.0"

[[projects]]
  name = "github.com/sclevine/agouti"
  packages = [
    ".",
    "api",
    "api/internal/bus",
    "api/internal/service",
    "internal/element",
    "internal/target"
  ]
  revision = "da6ce95d89acab048b648c71fb45b57622d3457e"

[[projects]]
  name = "github.com/sirupsen/logrus"
  packages = ["."]
  revision = "61e43dc76f7ee59a82bdf3d71033dc12bea4c77d"

[[projects]]
  name = "github.com/smartystreets/assertions"
  packages = [
    ".",
    "internal/go-render/render",
    "internal/oglematchers"
  ]
  revision = "26acb9229f421449ac63d014995b282d59261a8b"

[[projects]]
  name = "github.com/spf13/cobra"
  packages = ["."]
  revision = "dc208f4211e7f6df7ec8cb62640f57d3e154910d"

[[projects]]
  name = "github.com/spf13/pflag"
  packages = ["."]
  revision = "51268031d79952516489a9f8aa34e9709b98d946"

[[projects]]
  name = "github.com/stretchr/testify"
  packages = ["assert"]
  revision = "e964b172ca7f4c322ee4c39ea605ff53fab44f79"

[[projects]]
  branch = "master"
  name = "github.com/yesnault/go-imap"
  packages = ["imap"]
  revision = "eb9bbb66bd7bb6b40517b5423ce45f370325d67c"

[[projects]]
  name = "golang.org/x/crypto"
  packages = [
    "curve25519",
    "ed25519",
    "ed25519/internal/edwards25519",
    "ssh"
  ]
  revision = "3ded668c5379f6951fb0de06174442072e5447d3"

[[projects]]
  name = "golang.org/x/sys"
  packages = ["unix"]
  revision = "316e9227019baa6ea3f76ea21538bab101fd1182"

[[projects]]
  name = "google.golang.org/appengine"
  packages = ["cloudsql"]
  revision = "150dc57a1b433e64154302bdc40b6bb8aefa313a"
  version = "v1.0.0"

[[projects]]
  name = "gopkg.in/cheggaaa/pb.v1"
  packages = ["."]
  revision = "657164d0228d6bebe316fdf725c69f131a50fb10"
  version = "v1.0.18"

[[projects]]
  name = "gopkg.in/ini.v1"
  packages = ["."]
  revision = "d3de07a94d22b4a0972deb4b96d790c2c0ce8333"
  version = "v1.28.0"

[[projects]]
  name = "gopkg.in/testfixtures.v2"
  packages = ["."]
  revision = "e34263135c9fc3e6710268b1ba3a9b73fb7104d2"
  version = "v2.4.2"

[[projects]]
  name = "gopkg.in/yaml.v2"
  packages = ["."]
  revision = "a5b47d31c556af34a302ce5d659e6fea44d90de0"

[solve-meta]
  analyzer-name = "dep"
  analyzer-version = 1
  inputs-digest = "f925f348be67c721b9c63dcc6acf2d1cfb251073560fb01f95bdc100a076fc26"
  solver-name = "gps-cdcl"
  solver-version = 1
